lockfileVersion: '9.0'

settings:
  autoInstallPeers: true
  excludeLinksFromLockfile: false

importers:

  .:
    dependencies:
      react:
        specifier: 19.2.8
        version: 19.2.8
      react-dom:
        specifier: 19.2.8
        version: 19.2.8(react@19.2.8)
      tslib:
        specifier: 2.8.1
        version: 2.8.1
    devDependencies:
      '@babel/preset-react':
        specifier: 8.0.1
        version: 8.0.1(@babel/core@8.0.1)
      '@biomejs/biome':
        specifier: 2.5.9
        version: 2.5.9
      '@types/node':
        specifier: 24.13.3
        version: 24.13.3
      '@types/react':
        specifier: 19.2.18
        version: 19.2.18
      '@types/react-dom':
        specifier: 19.2.4
        version: 19.2.4(@types/react@19.2.18)
      builtin-modules:
        specifier: 5.3.0
        version: 5.3.0
      esbuild:
        specifier: 0.28.2
        version: 0.28.2
      obsidian:
        specifier: 1.13.1
        version: 1.13.1(@codemirror/state@6.5.0)(@codemirror/view@6.38.6)
      typescript:
        specifier: 5.9.3
        version: 5.9.3

packages:

  '@babel/code-frame@8.0.0':
    resolution: {integrity: sha512-dYYg153EyN2Ekbqw2zAsbd6/JR+9N2SEoC7YV2GyyqMM7x9bLDTjBD6XBhSMLH0wtIVyJj03jWNriQhaN+eoCw==}
    engines: {node: ^22.18.0 || >=24.11.0}

  '@babel/compat-data@8.0.0':
    resolution: {integrity: sha512-DOjnob/cXOUgDOozCDeq/aK2p5y8dUIVdf6tNhEV1HQRd6I8aQ4f4fbtHRVEvb6lP3BGomrKHiS8ICAASSVQSw==}
    engines: {node: ^22.18.0 || >=24.11.0}

  '@babel/core@8.0.1':
    resolution: {integrity: sha512-5FgxM4dLQpMJHSiVATk8foW263dVHQHBVpXYiimNECVWG01f4nFyEbQixeT6Mwvg7TayREJ2gpKl3o2RoMdnqw==}
    engines: {node: ^22.18.0 || >=24.11.0}

  '@babel/generator@8.0.0':
    resolution: {integrity: sha512-NT9NrVwJsbSV6Y2FSstWa71EETOnzrjkL5/wX3D2mYHtKM+qvqB1DvR4D0Setb/gDBsHzRICifwEWMO8CnTF6g==}
    engines: {node: ^22.18.0 || >=24.11.0}

  '@babel/helper-annotate-as-pure@8.0.0':
    resolution: {integrity: sha512-NSpMkMsvvZqzThJ0p1B02cbtA2ObEyfBvq950bmNkyxsxvcxwhvvCB036rKhlEnuBBo30bOrk13u3FzlKSoRrw==}
    engines: {node: ^22.18.0 || >=24.11.0}

  '@babel/helper-compilation-targets@8.0.0':
    resolution: {integrity: sha512-JwculLABZvyPvyLBpwU/E/IbH2uM3mnxNtIJpxnIfb24y1PrdVxK5Dqjle4DpgqpGRnwgC7G8IkzPdSXZrO1Ew==}
    engines: {node: ^22.18.0 || >=24.11.0}

  '@babel/helper-globals@8.0.0':
    resolution: {integrity: sha512-lLozHOM6sWWlxNo8CYqHy4MBZeTvHXNgVPBfPOGsjPKUzHC2Az9QwB6gxdQmpwHl6GlQtbGgS+lj5887guDiLw==}
    engines: {node: ^22.18.0 || >=24.11.0}

  '@babel/helper-module-imports@8.0.0':
    resolution: {integrity: sha512-NZ7mSS93o4ndX4KrbD7W8Sf3QT8Qe24PrnFyUcuOPDzK6faqDFKjY9RG7he7+I7FdiQ4llpnosFqzrXa+Vy3Ew==}
    engines: {node: ^22.18.0 || >=24.11.0}

  '@babel/helper-plugin-utils@8.0.1':
    resolution: {integrity: sha512-3PKFgjTyPlhFhorfP+SjKQxLViIL++zWjFOO4hGriYU+Bsm983DxEM1JmDRJVWXV0O9npu+xXRqz7Pbd3mh70g==}
    engines: {node: ^22.18.0 || >=24.11.0}
    peerDependencies:
      '@babel/core': ^8.0.0

  '@babel/helper-string-parser@8.0.0':
    resolution: {integrity: sha512-6mJgmFFFIIO82vvoLt9XtRC7/TkzXfts1t/SpRX4IHSzMgqoPYCWesVu1udUPUWioAE/2fcG6WuI8zrkE1gwrg==}
    engines: {node: ^22.18.0 || >=24.11.0}

  '@babel/helper-validator-identifier@8.0.4':
    resolution: {integrity: sha512-4wFaiLd0bVo4cIoTXI3zKI038NIWE/cr3jvBjejOVYVxV/m8Ltav1USiGzG1fmS5J2RhgEOgXNNK46cRPnRsrg==}
    engines: {node: ^22.18.0 || >=24.11.0}

  '@babel/helper-validator-option@8.0.0':
    resolution: {integrity: sha512-U4Dybxh4WESWHt5XhBeExi4DrY0/DNK1aHpQbsrQXCUbFHuMweT0TpLEWKvaraV2Y6fS+ZXunsZ8zIuZIgvF2Q==}
    engines: {node: ^22.18.0 || >=24.11.0}

  '@babel/helpers@8.0.0':
    resolution: {integrity: sha512-wfbi91pM3py96oIiJEz7qIpyXDytgr9zQC1HEWwlGNVRAEmItuU/0a41ZUKu1sJGyhhOIpc4t5vk4PYzt8wpsg==}
    engines: {node: ^22.18.0 || >=24.11.0}

  '@babel/parser@8.0.4':
    resolution: {integrity: sha512-srpptsAkEbbNIC/q8nT7o+m6CQe8CJUTV/t7MYc9NnWlgYVtHOb7JH6SorxMhN0kuRJjVqXbKClG6xSbPtzz+g==}
    engines: {node: ^22.18.0 || >=24.11.0}
    hasBin: true

  '@babel/plugin-syntax-jsx@8.0.1':
    resolution: {integrity: sha512-n0jtCOxEovhU7METqSQjcZO9pX53nu9uNIjMS+hEt+Nt9jA7oOZoBIgbCxhhASmF6T6rPDGge5UAvh6Z4eFz/g==}
    engines: {node: ^22.18.0 || >=24.11.0}
    peerDependencies:
      '@babel/core': ^8.0.0

  '@babel/plugin-transform-react-display-name@8.0.1':
    resolution: {integrity: sha512-soLishXlkyu6jcICPyO3HEP7A3GCzKEnn7XfvYrImuWEOwFAz93qShmWSYPf5ww0ZkO4By0zsN2bVIDF54fSdA==}
    engines: {node: ^22.18.0 || >=24.11.0}
    peerDependencies:
      '@babel/core': ^8.0.0

  '@babel/plugin-transform-react-jsx-development@8.0.1':
    resolution: {integrity: sha512-Hb+HUZpV9KFHjm+F+P3aLDMi8QXU9l3ROCQv20z18Me2sGyW5nNNR5YTevNlgHvCpFek3BnAwhDGq/BRndXViw==}
    engines: {node: ^22.18.0 || >=24.11.0}
    peerDependencies:
      '@babel/core': ^8.0.0

  '@babel/plugin-transform-react-jsx@8.0.1':
    resolution: {integrity: sha512-NgkoF7Uq+30TmOPDdNUimT0Nta02uVjqJRFNlVWKrbOCu/CkzfHa4aMnIs0lMpkMmZmWA1e42Va+F04i/pY1zw==}
    engines: {node: ^22.18.0 || >=24.11.0}
    peerDependencies:
      '@babel/core': ^8.0.0

  '@babel/plugin-transform-react-pure-annotations@8.0.1':
    resolution: {integrity: sha512-7/8UwU8hoPBurXa9tUiTTC8aACTRy5tCqLUtqikHp2eGiWoEB57AduOdbQ71OOMTEvawKrGhv3WfzkDpI+/oSg==}
    engines: {node: ^22.18.0 || >=24.11.0}
    peerDependencies:
      '@babel/core': ^8.0.0

  '@babel/preset-react@8.0.1':
    resolution: {integrity: sha512-jrFuPp/pTddFZbtmWhdLNAYc6UMcpboeUPnw0BBrm4nOmcAko/1TRcFi1PzWCeOFRU+VaSiKmat87W1HvR7mIg==}
    engines: {node: ^22.18.0 || >=24.11.0}
    peerDependencies:
      '@babel/core': ^8.0.0

  '@babel/template@8.0.0':
    resolution: {integrity: sha512-eAD0QW/AlbamBbw0FeGiwasbCVPq5ncW0HNVyLP3B9czqLyh4gvw+5JTSNt6le9+ziAU7mqDZsKTHf3jTb4chQ==}
    engines: {node: ^22.18.0 || >=24.11.0}

  '@babel/traverse@8.0.4':
    resolution: {integrity: sha512-bZnmqzGG8UZneG1lLxBoWIH0G6Gr1D846Yu4/3XnY6FhCndMR49u26nTY08u/dAxWmLWF9vGQOuC+84FfIUoeg==}
    engines: {node: ^22.18.0 || >=24.11.0}

  '@babel/types@8.0.4':
    resolution: {integrity: sha512-eY+Yn3dCqTGmyiq2QRU66lA5FL8lqqqvecHt0fF3uHONIa7ToYsaCiWV8lOKqAs0Rb2SjixiKFROngnulPtt2g==}
    engines: {node: ^22.18.0 || >=24.11.0}

  '@biomejs/biome@2.5.9':
    resolution: {integrity: sha512-KkgCvdHB4IhtpHpF564plA9jo6fDOwWGQ/3jvreLzgOtRLEDoPqr7QO9qejNA8jKwDsSkAKr77hqBHnyUbIw4g==}
    engines: {node: '>=14.21.3'}
    hasBin: true

  '@biomejs/cli-darwin-arm64@2.5.9':
    resolution: {integrity: sha512-am22pX2aBqznqq1eMyIj/bZ++riF3Lk6ct7cbv+gQK0csFhr+d8O0RkOi2FF2qSgFgANbqNkIZ0/PxlnW2pLFg==}
    engines: {node: '>=14.21.3'}
    cpu: [arm64]
    os: [darwin]

  '@biomejs/cli-darwin-x64@2.5.9':
    resolution: {integrity: sha512-l44KWDHLDvEnD0N/XcrVs7VXb3A18xL7QS3WB0eL93wbmk529ffIG55vleGCqaunpRUjLrdnjK05Qki1dsjylg==}
    engines: {node: '>=14.21.3'}
    cpu: [x64]
    os: [darwin]

  '@biomejs/cli-linux-arm64-musl@2.5.9':
    resolution: {integrity: sha512-7ImVPwBLCtkmpR5esd8RHhTqW94f0JLJQum6AneYcy94jRm18TaPPm7slaigGzFhfgt3QiD1Vj52LKmBAnKizA==}
    engines: {node: '>=14.21.3'}
    cpu: [arm64]
    os: [linux]
    libc: [musl]

  '@biomejs/cli-linux-arm64@2.5.9':
    resolution: {integrity: sha512-ICaK+IYaVZvKbBxX2rwrPT0DdUDMnE9Vm3nQGe+mltQPmUg19pONzkPWGdY4FCsoreDETWDynvdt4ysCbF5gNQ==}
    engines: {node: '>=14.21.3'}
    cpu: [arm64]
    os: [linux]
    libc: [glibc]

  '@biomejs/cli-linux-x64-musl@2.5.9':
    resolution: {integrity: sha512-RXGaD0o1/pTTguYw1aeDJh9ad6Lfrui0fI7mBderTyGr7WuUJkBIttgLkR3XJyoxOkkgfBDspaUT8wXArTqLZw==}
    engines: {node: '>=14.21.3'}
    cpu: [x64]
    os: [linux]
    libc: [musl]

  '@biomejs/cli-linux-x64@2.5.9':
    resolution: {integrity: sha512-z22Q/zFYSvbIJfW1CbfZPu4X8PddS6Qd2ORbc6h+aT6EcwAxUF3m6fA4HjNvA3TU4X0dTJRwNPB165ES3PJXzg==}
    engines: {node: '>=14.21.3'}
    cpu: [x64]
    os: [linux]
    libc: [glibc]

  '@biomejs/cli-win32-arm64@2.5.9':
    resolution: {integrity: sha512-nHK+/HHC+D0ogAHUxomgoSTdjImb6fmNNVTKmf0tyu4eDL1DqPKIHc+i+UL8+b0RnAu8224qo8F2tCVnaT0A3w==}
    engines: {node: '>=14.21.3'}
    cpu: [arm64]
    os: [win32]

  '@biomejs/cli-win32-x64@2.5.9':
    resolution: {integrity: sha512-Yiq0H56LjXSSw/hd9YkXgSLQfzyDJzbzU2TezozxyNw+uKWAqOtqGVvBfzKRRDiaFF5avGAhHdWKx7LtDOShUw==}
    engines: {node: '>=14.21.3'}
    cpu: [x64]
    os: [win32]

  '@codemirror/state@6.5.0':
    resolution: {integrity: sha512-MwBHVK60IiIHDcoMet78lxt6iw5gJOGSbNbOIVBHWVXIH4/Nq1+GQgLLGgI1KlnN86WDXsPudVaqYHKBIx7Eyw==}

  '@codemirror/view@6.38.6':
    resolution: {integrity: sha512-qiS0z1bKs5WOvHIAC0Cybmv4AJSkAXgX5aD6Mqd2epSLlVJsQl8NG23jCVouIgkh4All/mrbdsf2UOLFnJw0tw==}

  '@esbuild/aix-ppc64@0.28.2':
    resolution: {integrity: sha512-XExcO+dvLKvVtNTibSTBej1NCAbaGhWn9Ww1ZPx80qsahhPFe/8jgWP0IchNe0F3HwkU7n8ejhH8bjonqht8mQ==}
    engines: {node: '>=18'}
    cpu: [ppc64]
    os: [aix]

  '@esbuild/android-arm64@0.28.2':
    resolution: {integrity: sha512-5YfKeeI8qWfBZIX+u2xZC3Zlb3Os/gLS2sbEKM+I4ZOcsWmHS2WLysCcQZDAFRslDUU5Oiq44gf6PYN1vGwG5A==}
    engines: {node: '>=18'}
    cpu: [arm64]
    os: [android]

  '@esbuild/android-arm@0.28.2':
    resolution: {integrity: sha512-kXXoiPVVGQcnIYGOeaovwOURpniDBpSq4A03qkQ+BMQqtGG6HYap3xne9C1O1yo4TR3qxlCX5IqqmX6fFo2Lqg==}
    engines: {node: '>=18'}
    cpu: [arm]
    os: [android]

  '@esbuild/android-x64@0.28.2':
    resolution: {integrity: sha512-O387ite7SzUyCcy3JQX4P4bLtEA7bLLkx+esve5JHnyYfNTxcVpXZo9jhdB0lTKN44gztELTdU7nS8Nr16Fs1Q==}
    engines: {node: '>=18'}
    cpu: [x64]
    os: [android]

  '@esbuild/darwin-arm64@0.28.2':
    resolution: {integrity: sha512-n4KqkOQrraxHJcgjM1RvwbigfQKIKJVpM7xp+KsxiyUSrRdIXnt73VhrPAx0fV44hgfmIVKjxMN9J1t5jySVkw==}
    engines: {node: '>=18'}
    cpu: [arm64]
    os: [darwin]

  '@esbuild/darwin-x64@0.28.2':
    resolution: {integrity: sha512-uq6suIWYP37qzGddBKPw5QEQPi6HiLGsO7UmkpfyaYNQ3D+rN6w6WfwH+nuqcGXWvawGwxOEroO4YGnFh95azw==}
    engines: {node: '>=18'}
    cpu: [x64]
    os: [darwin]

  '@esbuild/freebsd-arm64@0.28.2':
    resolution: {integrity: sha512-n+I0BTSRIoy+d6RPKnEVwql5UwBJolytvY4mAOIEJorKlqgPII8ix6slVVrfZ5Tnj7glIZvloylbB/EJPMWEXw==}
    engines: {node: '>=18'}
    cpu: [arm64]
    os: [freebsd]

  '@esbuild/freebsd-x64@0.28.2':
    resolution: {integrity: sha512-78XJTJkvPs0kz2w61301PJjXl4g7q3JqiYMZ/M/yVI73EHBrCRTgkhu9oqG7vPqq+a/yadEW8aD+agKlk5xrmg==}
    engines: {node: '>=18'}
    cpu: [x64]
    os: [freebsd]

  '@esbuild/linux-arm64@0.28.2':
    resolution: {integrity: sha512-pW4AC0P3it8c7do9MVM4p51FzHzdM/TZrerurgRcHJ2WTa1VQ1CIq18xncfpBJw4ojkiZZrKW2yIBWBP92j6Ug==}
    engines: {node: '>=18'}
    cpu: [arm64]
    os: [linux]

  '@esbuild/linux-arm@0.28.2':
    resolution: {integrity: sha512-XlDnu2q5yoqems+xay6wSAcg9DDD7K9RLKZEBOMZm3ckNpJBvOX20tSfby8KfrrhINDyv9V2YVZKY/SpoGJI8w==}
    engines: {node: '>=18'}
    cpu: [arm]
    os: [linux]

  '@esbuild/linux-ia32@0.28.2':
    resolution: {integrity: sha512-CYbnj78HsIeA+DhgUKgFCfvNsTHFhMMrinUrMZpDXJXKN8T3XViTZ/+wtHeVxEWY8ewSzTFN+nRmSwO2tZaLUQ==}
    engines: {node: '>=18'}
    cpu: [ia32]
    os: [linux]

  '@esbuild/linux-loong64@0.28.2':
    resolution: {integrity: sha512-buwkd8nsph4R+ajRvw0qM5Hja/TXQow3ptzWO2EbG/cqcIkHloRrdlBtQlshyYGTNFvfkfJ5tpPLVkY4DtsPfQ==}
    engines: {node: '>=18'}
    cpu: [loong64]
    os: [linux]

  '@esbuild/linux-mips64el@0.28.2':
    resolution: {integrity: sha512-ZVykbDyk7519VwiNb9Lcj9m8XM6v5V9uKPvrEMkkEedVewf+0itkhahp4HDpgERXhwLRpWFypsGbG/J8s0QjJA==}
    engines: {node: '>=18'}
    cpu: [mips64el]
    os: [linux]

  '@esbuild/linux-ppc64@0.28.2':
    resolution: {integrity: sha512-CAXl+Dtd9UUuJd8pKKdwh6MLm3MUMiqMPmhZ3tTSXPqfyQ3vDl6R5hZdZ/kYojK4ofXtdfSv1tFq8XzWx3heNQ==}
    engines: {node: '>=18'}
    cpu: [ppc64]
    os: [linux]

  '@esbuild/linux-riscv64@0.28.2':
    resolution: {integrity: sha512-GeXCej4IQtU1B+QlDV8W/RRvbzI3O/Stss+/bCXv4lZls5WGRtu2a+3JkA3i4qIUlMXpcHebWpF8AkJhATowuA==}
    engines: {node: '>=18'}
    cpu: [riscv64]
    os: [linux]

  '@esbuild/linux-s390x@0.28.2':
    resolution: {integrity: sha512-3H1weTYZPxt/WOhByszQZybS9w5lKzUn1FDMsgEChbHWQwHYQQRfBxgCcZvPhjHfKyJjIievvMmEUawJrdY9Dg==}
    engines: {node: '>=18'}
    cpu: [s390x]
    os: [linux]

  '@esbuild/linux-x64@0.28.2':
    resolution: {integrity: sha512-4xTZr1FUmSoQW4XIWmit3tzQrUTZM+N3P0XV8xROKYF50XfI7xeO90+1bZvNwxIufQ9hDQVRJH5YhgPVF8A/HQ==}
    engines: {node: '>=18'}
    cpu: [x64]
    os: [linux]

  '@esbuild/netbsd-arm64@0.28.2':
    resolution: {integrity: sha512-sSATRjPeDBg3pdgHoQfoYBob11Kk1FGa9lui5RIHZCoCkJa9QKlvl3/vKz2usCmYYjs7ymJR/2Nnsqe+Hjt5nw==}
    engines: {node: '>=18'}
    cpu: [arm64]
    os: [netbsd]

  '@esbuild/netbsd-x64@0.28.2':
    resolution: {integrity: sha512-lqnzCV+mM0gIADaKihiCg6ifgfU2L3h5E33rNQBN1Y4MaVGnzryzmvvf7UHxprpQdE8hpqLolJ9Rl+SkIRDpyw==}
    engines: {node: '>=18'}
    cpu: [x64]
    os: [netbsd]

  '@esbuild/openbsd-arm64@0.28.2':
    resolution: {integrity: sha512-AL2qJILH7lNjrDmCQDvdxMfAUIv8KMNZOvrwAQ8i8//ntL9FflhOyMJ8OZSMBb8/AWXe3/5v5S20y3zCoZWKoQ==}
    engines: {node: '>=18'}
    cpu: [arm64]
    os: [openbsd]

  '@esbuild/openbsd-x64@0.28.2':
    resolution: {integrity: sha512-QtiuPytchRyC4rwUKhexJdQKvDuZ6hWloi3igqPQNUJCS1/v9EiO3UTOXR6A3FoMo4fnAKbWJdqaIwhOzh8qEw==}
    engines: {node: '>=18'}
    cpu: [x64]
    os: [openbsd]

  '@esbuild/openharmony-arm64@0.28.2':
    resolution: {integrity: sha512-WkhYDmpTjLvGlScA1rwjRUmhl4k8oXR3cIbtqWmELgU/dFeHHlEllxDvdWcNJV9rbzCexB5vz8gtNewWLgCT7Q==}
    engines: {node: '>=18'}
    cpu: [arm64]
    os: [openharmony]

  '@esbuild/sunos-x64@0.28.2':
    resolution: {integrity: sha512-GPMSkTOtMnv2U2F8gxe4Io6qmVs+YKyp832Etqqxr0hFngmXQ3rzwytelm3GIn7T4VviRUlf3sOgBOiTdvaf7g==}
    engines: {node: '>=18'}
    cpu: [x64]
    os: [sunos]

  '@esbuild/win32-arm64@0.28.2':
    resolution: {integrity: sha512-PIhhEkE9uPBleRBrQEJpUn7MBnibZzbGzYWPmY3x+YoVg/95zbjB4CxPPOQ8l5tYYM4mMaCthF8/1DIfBQQyWQ==}
    engines: {node: '>=18'}
    cpu: [arm64]
    os: [win32]

  '@esbuild/win32-ia32@0.28.2':
    resolution: {integrity: sha512-YmJbfTlvU7Sdn9BB+4PRES4oB6pxgS37MAONj+hBr/cpXS1aBPKXxNnDbu+QCWPj0o9dgyxeq79g6c5P8KeuYA==}
    engines: {node: '>=18'}
    cpu: [ia32]
    os: [win32]

  '@esbuild/win32-x64@0.28.2':
    resolution: {integrity: sha512-5ebpxr3nWMzrL/rnUI755Jkuee0bHL/Gq0WTF9lvcpv73wAp5eu8MfBUgWK9bhWvZjj7yX8etf/8tI8Ney695g==}
    engines: {node: '>=18'}
    cpu: [x64]
    os: [win32]

  '@jridgewell/gen-mapping@0.3.13':
    resolution: {integrity: sha512-2kkt/7niJ6MgEPxF0bYdQ6etZaA+fQvDcLKckhy1yIQOzaoKjBBjSj63/aLVjYE3qhRt5dvM+uUyfCg6UKCBbA==}

  '@jridgewell/resolve-uri@3.1.2':
    resolution: {integrity: sha512-bRISgCIjP20/tbWSPWMEi54QVPRZExkuD9lJL+UIxUKtwVJA8wW1Trb1jMs1RFXo1CBTNZ/5hpC9QvmKWdopKw==}
    engines: {node: '>=6.0.0'}

  '@jridgewell/sourcemap-codec@1.5.5':
    resolution: {integrity: sha512-cYQ9310grqxueWbl+WuIUIaiUaDcj7WOq5fVhEljNVgRfOUhY9fy2zTvfoqWsnebh8Sl70VScFbICvJnLKB0Og==}

  '@jridgewell/trace-mapping@0.3.31':
    resolution: {integrity: sha512-zzNR+SdQSDJzc8joaeP8QQoCQr8NuYx2dIIytl1QeBEZHJ9uW6hebsrYgbz8hJwUQao3TWCMtmfV8Nu1twOLAw==}

  '@marijn/find-cluster-break@1.0.3':
    resolution: {integrity: sha512-FY+MKLBoTsLNJF/eLWaOsXGdz6uh3Iu1axjPf6TUq92IYumcTcXWHoS747JARLkcdlJ/Waiaxc5wQfFO8jC6NA==}

  '@types/codemirror@5.60.8':
    resolution: {integrity: sha512-VjFgDF/eB+Aklcy15TtOTLQeMjTo07k7KAjql8OK5Dirr7a6sJY4T1uVBDuTVG9VEmn1uUsohOpYnVfgC6/jyw==}

  '@types/estree@1.0.9':
    resolution: {integrity: sha512-GhdPgy1el4/ImP05X05Uw4cw2/M93BCUmnEvWZNStlCzEKME4Fkk+YpoA5OiHNQmoS7Cafb8Xa3Pya8m1Qrzeg==}

  '@types/gensync@1.0.5':
    resolution: {integrity: sha512-MbsRCT7mTikHwKZ0X+LVUTLRrZZRLipTuXEO9qOYO+zmjMVk81axyClMROf6uoPD9MRVu46bx8zoR0Ad9q3NAg==}

  '@types/jsesc@2.5.1':
    resolution: {integrity: sha512-9VN+6yxLOPLOav+7PwjZbxiID2bVaeq0ED4qSQmdQTdjnXJSaCVKTR58t15oqH1H5t8Ng2ZX1SabJVoN9Q34bw==}

  '@types/node@24.13.3':
    resolution: {integrity: sha512-Dh8vAsV36ig5wa9OX4pXvMc9D3Veibfw2wix0CUwYODLD8nkj9UsLjASr49nPg+2eKzxhBV+v7L8pXvT4e639Q==}

  '@types/react-dom@19.2.4':
    resolution: {integrity: sha512-Bsc+QHgp+P/F02XDzNCY9jnZNCUuLki36KT7VKrTXXLdHf+vHMNZnW1rVu5DNW/rCK+fya3DATySbLM4yhtKUw==}
    peerDependencies:
      '@types/react': ^19.2.0

  '@types/react@19.2.18':
    resolution: {integrity: sha512-AnzbBERsrLKtk2XSfTbYRLjQPdy116Sty4q+T+Bp3IC4l6jNBvreVPAHmpq9qhXQM7CXZPjLVmGMw9sy+hxQ3w==}

  '@types/tern@0.23.9':
    resolution: {integrity: sha512-ypzHFE/wBzh+BlH6rrBgS5I/Z7RD21pGhZ2rltb/+ZrVM1awdZwjx7hE5XfuYgHWk9uvV5HLZN3SloevCAp3Bw==}

  baseline-browser-mapping@2.11.15:
    resolution: {integrity: sha512-FwMjJJ7HnyZpWe+oWxegG0fezZyBZUagI5LZEoO3GCbtbKNwRfMH9Ue5d5v01PNePBy1QSfPSDTTeVL0Hb9EzA==}
    engines: {node: '>=6.0.0'}
    hasBin: true

  browserslist@4.28.8:
    resolution: {integrity: sha512-V2NpofLblG64mfOtSgDhOJESZEGogzDMBv/q+W6oc4LXWP/q75eOXoOaaOu1EOadB9U4Bwx/e0yzbvwKH8zalA==}
    engines: {node: ^6 || ^7 || ^8 || ^9 || ^10 || ^11 || ^12 || >=13.7}
    hasBin: true

  builtin-modules@5.3.0:
    resolution: {integrity: sha512-hMQUl2bUFG339QygPM97E+mc8OY1IAchORZxm4a/frcYwKzozMzRVDBwHW0NjOqGElLm2O37AVQE8ikxlZHrMQ==}
    engines: {node: '>=18.20'}

  caniuse-lite@1.0.30001809:
    resolution: {integrity: sha512-xxWVywk6a6Arlk+hymeycyn/VgqEfLDxupvhH/xiY5SJ/18kmi9o6MiO320DCUzypORHLtvh0I4i04tUhCNHNQ==}

  convert-source-map@2.0.0:
    resolution: {integrity: sha512-Kvp459HrV2FEJ1CAsi1Ku+MY3kasH19TFykTz2xWmMeq6bk2NU3XXvfJ+Q61m0xktWwt+1HSYf3JZsTms3aRJg==}

  crelt@1.0.7:
    resolution: {integrity: sha512-aK6BbWfhf4U/wCcLHKPJl/xa6VkVstRaPywWtMKGwuOLc/wZTyQYuoxgvZnNsBvv7Kg3YTBQYYBCggcviQczuA==}

  csstype@3.2.3:
    resolution: {integrity: sha512-z1HGKcYy2xA8AGQfwrn0PAy+PB7X/GSj3UVJW9qKyn43xWa+gl5nXmU4qqLMRzWVLFC8KusUX8T/0kCiOYpAIQ==}

  electron-to-chromium@1.5.411:
    resolution: {integrity: sha512-gglkxzokjHfawpGxq75XdBV2/l3BAPzrsMs70qgaZdTW5rpV1tC4MdgJVP9fN126bODA4ZJQkn1wryEzJyQXIg==}

  empathic@2.0.1:
    resolution: {integrity: sha512-YGRs8knHhKHVShLkFET/rWAU8kmHbOV5LwN938RHI0pljAJ1Gf6SzXsSmRaEzcXTtOOmVqJ5+WtQPL5uigY50Q==}
    engines: {node: '>=14'}

  esbuild@0.28.2:
    resolution: {integrity: sha512-HKVLS8dvII+xoKW9kmqxbRKrnWEXfJJr/FZhhJmiqIB0e053QNYFqOBouTMO/k5sID4MvCiUCvv8b9M4h32wIA==}
    engines: {node: '>=18'}
    hasBin: true

  escalade@3.2.0:
    resolution: {integrity: sha512-WUj2qlxaQtO4g6Pq5c29GTcWGDyd8itL8zTlipgECz3JesAiiOKotd8JU6otB3PACgG6xkJUyVhboMS+bje/jA==}
    engines: {node: '>=6'}

  gensync@1.0.0-beta.2:
    resolution: {integrity: sha512-3hN7NaskYvMDLQY55gnW3NQ+mesEAepTqlg+VEbj7zzqEMBVNhzcGYYeqFo/TlYz6eQiFcp1HcsCZO+nGgS8zg==}
    engines: {node: '>=6.9.0'}

  import-meta-resolve@4.2.0:
    resolution: {integrity: sha512-Iqv2fzaTQN28s/FwZAoFq0ZSs/7hMAHJVX+w8PZl3cY19Pxk6jFFalxQoIfW2826i/fDLXv8IiEZRIT0lDuWcg==}

  js-tokens@10.0.0:
    resolution: {integrity: sha512-lM/UBzQmfJRo9ABXbPWemivdCW8V2G8FHaHdypQaIy523snUjog0W71ayWXTjiR+ixeMyVHN2XcpnTd/liPg/Q==}

  jsesc@3.1.0:
    resolution: {integrity: sha512-/sM3dO2FOzXjKQhJuo0Q173wf2KOo8t4I8vHy6lF9poUp7bKT0/NHE8fPX23PwfhnykfqnC2xRxOnVw5XuGIaA==}
    engines: {node: '>=6'}
    hasBin: true

  json5@2.2.3:
    resolution: {integrity: sha512-XmOWe7eyHYH14cLdVPoyg+GOH3rYX++KpzrylJwSW98t3Nk+U8XOl8FWKOgwtzdb8lXGf6zYwDUzeHMWfxasyg==}
    engines: {node: '>=6'}
    hasBin: true

  lru-cache@11.5.2:
    resolution: {integrity: sha512-4pfM1Ff0x50o0tQwb5ucw/RzNyD0/YJME6IVcStalZuMWxdt3sR3huStTtxz4PUmvZfRguvDejasvQ2kifR11g==}
    engines: {node: 20 || >=22}

  moment@2.29.4:
    resolution: {integrity: sha512-5LC9SOxjSc2HF6vO2CyuTDNivEdoz2IvyJJGj6X8DJ0eFyfszE0QiEd+iXmBvUP3WHxSjFH/vIsA0EN00cgr8w==}

  node-releases@2.0.53:
    resolution: {integrity: sha512-D9UOmYG3UH1V+ENW56t5QXBwJw1YEY18ruVeus89Rw+SyIgjPkCO84bRzO3uNIYosJbNwiabWVn48o3uJLjxFQ==}
    engines: {node: '>=18'}

  obsidian@1.13.1:
    resolution: {integrity: sha512-qtTEA2pmhJzhuhJqzbBFRYhpIOqvW+krDYjtFynv66KbxBbumHBlsJfWw3I4jtnK/6fZwbQhCrmmDdRwXmX56w==}
    peerDependencies:
      '@codemirror/state': 6.5.0
      '@codemirror/view': 6.38.6

  obug@2.1.4:
    resolution: {integrity: sha512-4a+OsYv9UktOJKE+l1A4OufDgdRF9PifWj+tJnHURo/P+WOxpG4GzUFL9qCalmWauao6ogiG+QvnCovwPoyAWA==}
    engines: {node: '>=12.20.0'}

  picocolors@1.1.1:
    resolution: {integrity: sha512-xceH2snhtb5M9liqDsmEw56le376mTZkEX/jEb/RxNFyegNul7eNslCXP9FDj/Lcu0X8KEyMceP2ntpaHrDEVA==}

  react-dom@19.2.8:
    resolution: {integrity: sha512-rVprimfGBG3DR+Tq0IQG2DT5PxKth1WIGDmj5yPmlzr4YBe7uyE+Du4oVqTDXZSHGGGXRtTJEGSSePyQCMBglQ==}
    peerDependencies:
      react: ^19.2.8

  react@19.2.8:
    resolution: {integrity: sha512-PWaYA1L/q9u2u7xYQi+Y3L3Yfnie7XyLeaJICV1MGD6LprsBxcAqGjYyr0eY3p+QdsA+x/Irkt4Qif8D63+Sbw==}
    engines: {node: '>=0.10.0'}

  scheduler@0.27.0:
    resolution: {integrity: sha512-eNv+WrVbKu1f3vbYJT/xtiF5syA5HPIMtf9IgY/nKg0sWqzAUEvqY/xm7OcZc/qafLx/iO9FgOmeSAp4v5ti/Q==}

  semver@7.8.5:
    resolution: {integrity: sha512-Y7/KDsb8LjooZpwaqGyulO6DQlksgCncchHGk+sZIY4SBvUocMBEFH5Ur1fI4dV+Jvl0w6cjvucaIi40puRioA==}
    engines: {node: '>=10'}
    hasBin: true

  style-mod@4.1.3:
    resolution: {integrity: sha512-i/n8VsZydrugj3Iuzll8+x/00GH2vnYsk1eomD8QiRrSAeW6ItbCQDtfXCeJHd0iwiNagqjQkvpvREEPtW3IoQ==}

  tslib@2.8.1:
    resolution: {integrity: sha512-oJFu94HQb+KVduSUQL7wnpmqnfmLsOA/nAh6b6EH0wCEoK0/mPeXU6c3wKDV83MkOuHPRHtSXKKU99IBazS/2w==}

  typescript@5.9.3:
    resolution: {integrity: sha512-jl1vZzPDinLr9eUt3J/t7V6FgNEw9QjvBPdysz9KfQDD41fQrC2Y4vKQdiaUpFT4bXlb1RHhLpp8wtm6M5TgSw==}
    engines: {node: '>=14.17'}
    hasBin: true

  undici-types@7.18.2:
    resolution: {integrity: sha512-AsuCzffGHJybSaRrmr5eHr81mwJU3kjw6M+uprWvCXiNeN9SOGwQ3Jn8jb8m3Z6izVgknn1R0FTCEAP2QrLY/w==}

  update-browserslist-db@1.3.1:
    resolution: {integrity: sha512-ZZ61DsRsOnakl74HAmp3oSN4aXUmEWXf+i/yv0h7tIBfICc3VdrFErQKUUKPgu3AMsTUMbcongALEN4l6GSUrQ==}
    hasBin: true
    peerDependencies:
      browserslist: '>= 4.21.0'

  w3c-keyname@2.2.8:
    resolution: {integrity: sha512-dpojBhNsCNN7T82Tm7k26A6G9ML3NkhDsnw9n/eoxSRlVBB4CEtIQ/KTCLI2Fwf3ataSXRhYFkQi3SlnFwPvPQ==}

snapshots:

  '@babel/code-frame@8.0.0':
    dependencies:
      '@babel/helper-validator-identifier': 8.0.4
      js-tokens: 10.0.0

  '@babel/compat-data@8.0.0': {}

  '@babel/core@8.0.1':
    dependencies:
      '@babel/code-frame': 8.0.0
      '@babel/generator': 8.0.0
      '@babel/helper-compilation-targets': 8.0.0
      '@babel/helpers': 8.0.0
      '@babel/parser': 8.0.4
      '@babel/template': 8.0.0
      '@babel/traverse': 8.0.4
      '@babel/types': 8.0.4
      '@types/gensync': 1.0.5
      convert-source-map: 2.0.0
      empathic: 2.0.1
      gensync: 1.0.0-beta.2
      import-meta-resolve: 4.2.0
      json5: 2.2.3
      obug: 2.1.4
      semver: 7.8.5

  '@babel/generator@8.0.0':
    dependencies:
      '@babel/parser': 8.0.4
      '@babel/types': 8.0.4
      '@jridgewell/gen-mapping': 0.3.13
      '@jridgewell/trace-mapping': 0.3.31
      '@types/jsesc': 2.5.1
      jsesc: 3.1.0

  '@babel/helper-annotate-as-pure@8.0.0':
    dependencies:
      '@babel/types': 8.0.4

  '@babel/helper-compilation-targets@8.0.0':
    dependencies:
      '@babel/compat-data': 8.0.0
      '@babel/helper-validator-option': 8.0.0
      browserslist: 4.28.8
      lru-cache: 11.5.2
      semver: 7.8.5

  '@babel/helper-globals@8.0.0': {}

  '@babel/helper-module-imports@8.0.0':
    dependencies:
      '@babel/traverse': 8.0.4
      '@babel/types': 8.0.4

  '@babel/helper-plugin-utils@8.0.1(@babel/core@8.0.1)':
    dependencies:
      '@babel/core': 8.0.1

  '@babel/helper-string-parser@8.0.0': {}

  '@babel/helper-validator-identifier@8.0.4': {}

  '@babel/helper-validator-option@8.0.0': {}

  '@babel/helpers@8.0.0':
    dependencies:
      '@babel/template': 8.0.0
      '@babel/types': 8.0.4

  '@babel/parser@8.0.4':
    dependencies:
      '@babel/types': 8.0.4

  '@babel/plugin-syntax-jsx@8.0.1(@babel/core@8.0.1)':
    dependencies:
      '@babel/core': 8.0.1
      '@babel/helper-plugin-utils': 8.0.1(@babel/core@8.0.1)

  '@babel/plugin-transform-react-display-name@8.0.1(@babel/core@8.0.1)':
    dependencies:
      '@babel/core': 8.0.1
      '@babel/helper-plugin-utils': 8.0.1(@babel/core@8.0.1)

  '@babel/plugin-transform-react-jsx-development@8.0.1(@babel/core@8.0.1)':
    dependencies:
      '@babel/core': 8.0.1
      '@babel/plugin-transform-react-jsx': 8.0.1(@babel/core@8.0.1)

  '@babel/plugin-transform-react-jsx@8.0.1(@babel/core@8.0.1)':
    dependencies:
      '@babel/core': 8.0.1
      '@babel/helper-annotate-as-pure': 8.0.0
      '@babel/helper-module-imports': 8.0.0
      '@babel/helper-plugin-utils': 8.0.1(@babel/core@8.0.1)
      '@babel/plugin-syntax-jsx': 8.0.1(@babel/core@8.0.1)
      '@babel/types': 8.0.4

  '@babel/plugin-transform-react-pure-annotations@8.0.1(@babel/core@8.0.1)':
    dependencies:
      '@babel/core': 8.0.1
      '@babel/helper-annotate-as-pure': 8.0.0
      '@babel/helper-plugin-utils': 8.0.1(@babel/core@8.0.1)

  '@babel/preset-react@8.0.1(@babel/core@8.0.1)':
    dependencies:
      '@babel/core': 8.0.1
      '@babel/helper-plugin-utils': 8.0.1(@babel/core@8.0.1)
      '@babel/helper-validator-option': 8.0.0
      '@babel/plugin-transform-react-display-name': 8.0.1(@babel/core@8.0.1)
      '@babel/plugin-transform-react-jsx': 8.0.1(@babel/core@8.0.1)
      '@babel/plugin-transform-react-jsx-development': 8.0.1(@babel/core@8.0.1)
      '@babel/plugin-transform-react-pure-annotations': 8.0.1(@babel/core@8.0.1)

  '@babel/template@8.0.0':
    dependencies:
      '@babel/code-frame': 8.0.0
      '@babel/parser': 8.0.4
      '@babel/types': 8.0.4

  '@babel/traverse@8.0.4':
    dependencies:
      '@babel/code-frame': 8.0.0
      '@babel/generator': 8.0.0
      '@babel/helper-globals': 8.0.0
      '@babel/parser': 8.0.4
      '@babel/template': 8.0.0
      '@babel/types': 8.0.4
      obug: 2.1.4

  '@babel/types@8.0.4':
    dependencies:
      '@babel/helper-string-parser': 8.0.0
      '@babel/helper-validator-identifier': 8.0.4

  '@biomejs/biome@2.5.9':
    optionalDependencies:
      '@biomejs/cli-darwin-arm64': 2.5.9
      '@biomejs/cli-darwin-x64': 2.5.9
      '@biomejs/cli-linux-arm64': 2.5.9
      '@biomejs/cli-linux-arm64-musl': 2.5.9
      '@biomejs/cli-linux-x64': 2.5.9
      '@biomejs/cli-linux-x64-musl': 2.5.9
      '@biomejs/cli-win32-arm64': 2.5.9
      '@biomejs/cli-win32-x64': 2.5.9

  '@biomejs/cli-darwin-arm64@2.5.9':
    optional: true

  '@biomejs/cli-darwin-x64@2.5.9':
    optional: true

  '@biomejs/cli-linux-arm64-musl@2.5.9':
    optional: true

  '@biomejs/cli-linux-arm64@2.5.9':
    optional: true

  '@biomejs/cli-linux-x64-musl@2.5.9':
    optional: true

  '@biomejs/cli-linux-x64@2.5.9':
    optional: true

  '@biomejs/cli-win32-arm64@2.5.9':
    optional: true

  '@biomejs/cli-win32-x64@2.5.9':
    optional: true

  '@codemirror/state@6.5.0':
    dependencies:
      '@marijn/find-cluster-break': 1.0.3

  '@codemirror/view@6.38.6':
    dependencies:
      '@codemirror/state': 6.5.0
      crelt: 1.0.7
      style-mod: 4.1.3
      w3c-keyname: 2.2.8

  '@esbuild/aix-ppc64@0.28.2':
    optional: true

  '@esbuild/android-arm64@0.28.2':
    optional: true

  '@esbuild/android-arm@0.28.2':
    optional: true

  '@esbuild/android-x64@0.28.2':
    optional: true

  '@esbuild/darwin-arm64@0.28.2':
    optional: true

  '@esbuild/darwin-x64@0.28.2':
    optional: true

  '@esbuild/freebsd-arm64@0.28.2':
    optional: true

  '@esbuild/freebsd-x64@0.28.2':
    optional: true

  '@esbuild/linux-arm64@0.28.2':
    optional: true

  '@esbuild/linux-arm@0.28.2':
    optional: true

  '@esbuild/linux-ia32@0.28.2':
    optional: true

  '@esbuild/linux-loong64@0.28.2':
    optional: true

  '@esbuild/linux-mips64el@0.28.2':
    optional: true

  '@esbuild/linux-ppc64@0.28.2':
    optional: true

  '@esbuild/linux-riscv64@0.28.2':
    optional: true

  '@esbuild/linux-s390x@0.28.2':
    optional: true

  '@esbuild/linux-x64@0.28.2':
    optional: true

  '@esbuild/netbsd-arm64@0.28.2':
    optional: true

  '@esbuild/netbsd-x64@0.28.2':
    optional: true

  '@esbuild/openbsd-arm64@0.28.2':
    optional: true

  '@esbuild/openbsd-x64@0.28.2':
    optional: true

  '@esbuild/openharmony-arm64@0.28.2':
    optional: true

  '@esbuild/sunos-x64@0.28.2':
    optional: true

  '@esbuild/win32-arm64@0.28.2':
    optional: true

  '@esbuild/win32-ia32@0.28.2':
    optional: true

  '@esbuild/win32-x64@0.28.2':
    optional: true

  '@jridgewell/gen-mapping@0.3.13':
    dependencies:
      '@jridgewell/sourcemap-codec': 1.5.5
      '@jridgewell/trace-mapping': 0.3.31

  '@jridgewell/resolve-uri@3.1.2': {}

  '@jridgewell/sourcemap-codec@1.5.5': {}

  '@jridgewell/trace-mapping@0.3.31':
    dependencies:
      '@jridgewell/resolve-uri': 3.1.2
      '@jridgewell/sourcemap-codec': 1.5.5

  '@marijn/find-cluster-break@1.0.3': {}

  '@types/codemirror@5.60.8':
    dependencies:
      '@types/tern': 0.23.9

  '@types/estree@1.0.9': {}

  '@types/gensync@1.0.5': {}

  '@types/jsesc@2.5.1': {}

  '@types/node@24.13.3':
    dependencies:
      undici-types: 7.18.2

  '@types/react-dom@19.2.4(@types/react@19.2.18)':
    dependencies:
      '@types/react': 19.2.18

  '@types/react@19.2.18':
    dependencies:
      csstype: 3.2.3

  '@types/tern@0.23.9':
    dependencies:
      '@types/estree': 1.0.9

  baseline-browser-mapping@2.11.15: {}

  browserslist@4.28.8:
    dependencies:
      baseline-browser-mapping: 2.11.15
      caniuse-lite: 1.0.30001809
      electron-to-chromium: 1.5.411
      node-releases: 2.0.53
      update-browserslist-db: 1.3.1(browserslist@4.28.8)

  builtin-modules@5.3.0: {}

  caniuse-lite@1.0.30001809: {}

  convert-source-map@2.0.0: {}

  crelt@1.0.7: {}

  csstype@3.2.3: {}

  electron-to-chromium@1.5.411: {}

  empathic@2.0.1: {}

  esbuild@0.28.2:
    optionalDependencies:
      '@esbuild/aix-ppc64': 0.28.2
      '@esbuild/android-arm': 0.28.2
      '@esbuild/android-arm64': 0.28.2
      '@esbuild/android-x64': 0.28.2
      '@esbuild/darwin-arm64': 0.28.2
      '@esbuild/darwin-x64': 0.28.2
      '@esbuild/freebsd-arm64': 0.28.2
      '@esbuild/freebsd-x64': 0.28.2
      '@esbuild/linux-arm': 0.28.2
      '@esbuild/linux-arm64': 0.28.2
      '@esbuild/linux-ia32': 0.28.2
      '@esbuild/linux-loong64': 0.28.2
      '@esbuild/linux-mips64el': 0.28.2
      '@esbuild/linux-ppc64': 0.28.2
      '@esbuild/linux-riscv64': 0.28.2
      '@esbuild/linux-s390x': 0.28.2
      '@esbuild/linux-x64': 0.28.2
      '@esbuild/netbsd-arm64': 0.28.2
      '@esbuild/netbsd-x64': 0.28.2
      '@esbuild/openbsd-arm64': 0.28.2
      '@esbuild/openbsd-x64': 0.28.2
      '@esbuild/openharmony-arm64': 0.28.2
      '@esbuild/sunos-x64': 0.28.2
      '@esbuild/win32-arm64': 0.28.2
      '@esbuild/win32-ia32': 0.28.2
      '@esbuild/win32-x64': 0.28.2

  escalade@3.2.0: {}

  gensync@1.0.0-beta.2: {}

  import-meta-resolve@4.2.0: {}

  js-tokens@10.0.0: {}

  jsesc@3.1.0: {}

  json5@2.2.3: {}

  lru-cache@11.5.2: {}

  moment@2.29.4: {}

  node-releases@2.0.53: {}

  obsidian@1.13.1(@codemirror/state@6.5.0)(@codemirror/view@6.38.6):
    dependencies:
      '@codemirror/state': 6.5.0
      '@codemirror/view': 6.38.6
      '@types/codemirror': 5.60.8
      moment: 2.29.4

  obug@2.1.4: {}

  picocolors@1.1.1: {}

  react-dom@19.2.8(react@19.2.8):
    dependencies:
      react: 19.2.8
      scheduler: 0.27.0

  react@19.2.8: {}

  scheduler@0.27.0: {}

  semver@7.8.5: {}

  style-mod@4.1.3: {}

  tslib@2.8.1: {}

  typescript@5.9.3: {}

  undici-types@7.18.2: {}

  update-browserslist-db@1.3.1(browserslist@4.28.8):
    dependencies:
      browserslist: 4.28.8
      escalade: 3.2.0
      picocolors: 1.1.1

  w3c-keyname@2.2.8: {}
